
Microsoft Visual Studio Solution File, Format Version 12.00
# Visual Studio Version 16
VisualStudioVersion = 16.0.31911.196
MinimumVisualStudioVersion = 10.0.40219.1
Project("{FAE04EC0-301F-11D3-BF4B-00C04F79EFBC}") = "EnglishLearn", "EnglishLearn\EnglishLearn.csproj", "{C9E1FECE-A733-4932-BA78-98E4FEBBEAA5}"
EndProject
Global
	GlobalSection(SolutionConfigurationPlatforms) = preSolution
		Debug|Any CPU = Debug|Any CPU
		Release|Any CPU = Release|Any CPU
	EndGlobalSection
	GlobalSection(ProjectConfigurationPlatforms) = postSolution
		{C9E1FECE-A733-4932-BA78-98E4FEBBEAA5}.Debug|Any CPU.ActiveCfg = Debug|Any CPU
		{C9E1FECE-A733-4932-BA78-98E4FEBBEAA5}.Debug|Any CPU.Build.0 = Debug|Any CPU
		{C9E1FECE-A733-4932-BA78-98E4FEBBEAA5}.Release|Any CPU.ActiveCfg = Release|Any CPU
		{C9E1FECE-A733-4932-BA78-98E4FEBBEAA5}.Release|Any CPU.Build.0 = Release|Any CPU
	EndGlobalSection
	GlobalSection(SolutionProperties) = preSolution
		HideSolutionNode = FALSE
	EndGlobalSection
	GlobalSection(ExtensibilityGlobals) = postSolution
		SolutionGuid = {9392D945-AAB1-4A3F-AE67-C3F4ADBF69EC}
	EndGlobalSection
EndGlobal
